
Microsoft Visual Studio Solution File, Format Version 12.00
# Visual Studio Version 16
VisualStudioVersion = 16.0.32802.440
MinimumVisualStudioVersion = 10.0.40219.1
Project("{9A19103F-16F7-4668-BE54-9A1E7A4F7556}") = "JancysBookStore", "JancysBookStore\JancysBookStore.csproj", "{0EFAE6A0-210B-44E3-BC2E-96FFA35DD72D}"
EndProject
Project("{FAE04EC0-301F-11D3-BF4B-00C04F79EFBC}") = "JancysBooks.DataAcesss", "JancysBooks.DataAcesss\JancysBooks.DataAcesss.csproj", "{14F97BC4-086F-416E-909B-9E5F97F8D892}"
EndProject
Project("{FAE04EC0-301F-11D3-BF4B-00C04F79EFBC}") = "JancysBooks.Models", "JancysBooks.Models\JancysBooks.Models.csproj", "{366A8703-5BFB-4644-A176-C57B2077FE0D}"
EndProject
Project("{FAE04EC0-301F-11D3-BF4B-00C04F79EFBC}") = "JancysBooks.Utility", "JancysBooks.Utility\JancysBooks.Utility.csproj", "{F36D4DC0-EDE7-49BA-8576-2EC7366E4D96}"
EndProject
Global
	GlobalSection(SolutionConfigurationPlatforms) = preSolution
		Debug|Any CPU = Debug|Any CPU
		Release|Any CPU = Release|Any CPU
	EndGlobalSection
	GlobalSection(ProjectConfigurationPlatforms) = postSolution
		{0EFAE6A0-210B-44E3-BC2E-96FFA35DD72D}.Debug|Any CPU.ActiveCfg = Debug|Any CPU
		{0EFAE6A0-210B-44E3-BC2E-96FFA35DD72D}.Debug|Any CPU.Build.0 = Debug|Any CPU
		{0EFAE6A0-210B-44E3-BC2E-96FFA35DD72D}.Release|Any CPU.ActiveCfg = Release|Any CPU
		{0EFAE6A0-210B-44E3-BC2E-96FFA35DD72D}.Release|Any CPU.Build.0 = Release|Any CPU
		{14F97BC4-086F-416E-909B-9E5F97F8D892}.Debug|Any CPU.ActiveCfg = Debug|Any CPU
		{14F97BC4-086F-416E-909B-9E5F97F8D892}.Debug|Any CPU.Build.0 = Debug|Any CPU
		{14F97BC4-086F-416E-909B-9E5F97F8D892}.Release|Any CPU.ActiveCfg = Release|Any CPU
		{14F97BC4-086F-416E-909B-9E5F97F8D892}.Release|Any CPU.Build.0 = Release|Any CPU
		{366A8703-5BFB-4644-A176-C57B2077FE0D}.Debug|Any CPU.ActiveCfg = Debug|Any CPU
		{366A8703-5BFB-4644-A176-C57B2077FE0D}.Debug|Any CPU.Build.0 = Debug|Any CPU
		{366A8703-5BFB-4644-A176-C57B2077FE0D}.Release|Any CPU.ActiveCfg = Release|Any CPU
		{366A8703-5BFB-4644-A176-C57B2077FE0D}.Release|Any CPU.Build.0 = Release|Any CPU
		{F36D4DC0-EDE7-49BA-8576-2EC7366E4D96}.Debug|Any CPU.ActiveCfg = Debug|Any CPU
		{F36D4DC0-EDE7-49BA-8576-2EC7366E4D96}.Debug|Any CPU.Build.0 = Debug|Any CPU
		{F36D4DC0-EDE7-49BA-8576-2EC7366E4D96}.Release|Any CPU.ActiveCfg = Release|Any CPU
		{F36D4DC0-EDE7-49BA-8576-2EC7366E4D96}.Release|Any CPU.Build.0 = Release|Any CPU
	EndGlobalSection
	GlobalSection(SolutionProperties) = preSolution
		HideSolutionNode = FALSE
	EndGlobalSection
	GlobalSection(ExtensibilityGlobals) = postSolution
		SolutionGuid = {83E6F234-B136-4074-B20E-2B2B0D01276F}
	EndGlobalSection
EndGlobal
