
Microsoft Visual Studio Solution File, Format Version 12.00
# Visual Studio Version 16
VisualStudioVersion = 16.0.32802.440
MinimumVisualStudioVersion = 10.0.40219.1
Project("{FAE04EC0-301F-11D3-BF4B-00C04F79EFBC}") = "JancysBookStore", "JancysBookStore\JancysBookStore.csproj", "{0EFAE6A0-210B-44E3-BC2E-96FFA35DD72D}"
EndProject
Global
	GlobalSection(SolutionConfigurationPlatforms) = preSolution
		Debug|Any CPU = Debug|Any CPU
		Release|Any CPU = Release|Any CPU
	EndGlobalSection
	GlobalSection(ProjectConfigurationPlatforms) = postSolution
		{0EFAE6A0-210B-44E3-BC2E-96FFA35DD72D}.Debug|Any CPU.ActiveCfg = Debug|Any CPU
		{0EFAE6A0-210B-44E3-BC2E-96FFA35DD72D}.Debug|Any CPU.Build.0 = Debug|Any CPU
		{0EFAE6A0-210B-44E3-BC2E-96FFA35DD72D}.Release|Any CPU.ActiveCfg = Release|Any CPU
		{0EFAE6A0-210B-44E3-BC2E-96FFA35DD72D}.Release|Any CPU.Build.0 = Release|Any CPU
	EndGlobalSection
	GlobalSection(SolutionProperties) = preSolution
		HideSolutionNode = FALSE
	EndGlobalSection
	GlobalSection(ExtensibilityGlobals) = postSolution
		SolutionGuid = {83E6F234-B136-4074-B20E-2B2B0D01276F}
	EndGlobalSection
EndGlobal
